// !$*UTF8*$!
{
	archiveVersion = 1;
	classes = {
	};
	objectVersion = 55;
	objects = {

/* Begin PBXBuildFile section */
		B3E26F3C282958A300EB5F20 /* HomeViewController.swift in Sources */ = {isa = PBXBuildFile; fileRef = B3E26F3B282958A300EB5F20 /* HomeViewController.swift */; };
		B3E26F52282A01CA00EB5F20 /* starbucksEventImage.png in Resources */ = {isa = PBXBuildFile; fileRef = B3E26F51282A01CA00EB5F20 /* starbucksEventImage.png */; };
		B3E26F55282A26A300EB5F20 /* Event.swift in Sources */ = {isa = PBXBuildFile; fileRef = B3E26F54282A26A300EB5F20 /* Event.swift */; };
		D23AF6D1282B9BBB00F53C5F /* EventDataManager.swift in Sources */ = {isa = PBXBuildFile; fileRef = D23AF6D0282B9BBB00F53C5F /* EventDataManager.swift */; };
		D25DF748282A07C2007862A9 /* EventViewController.swift in Sources */ = {isa = PBXBuildFile; fileRef = D25DF747282A07C2007862A9 /* EventViewController.swift */; };
		D283BF7E2828B0D200A86761 /* AppDelegate.swift in Sources */ = {isa = PBXBuildFile; fileRef = D283BF7D2828B0D200A86761 /* AppDelegate.swift */; };
		D283BF802828B0D200A86761 /* SceneDelegate.swift in Sources */ = {isa = PBXBuildFile; fileRef = D283BF7F2828B0D200A86761 /* SceneDelegate.swift */; };
		D283BF822828B0D200A86761 /* ContainerViewController.swift in Sources */ = {isa = PBXBuildFile; fileRef = D283BF812828B0D200A86761 /* ContainerViewController.swift */; };
		D283BF852828B0D200A86761 /* Main.storyboard in Resources */ = {isa = PBXBuildFile; fileRef = D283BF832828B0D200A86761 /* Main.storyboard */; };
		D283BF872828B0D300A86761 /* Assets.xcassets in Resources */ = {isa = PBXBuildFile; fileRef = D283BF862828B0D300A86761 /* Assets.xcassets */; };
		D283BF8A2828B0D300A86761 /* LaunchScreen.storyboard in Resources */ = {isa = PBXBuildFile; fileRef = D283BF882828B0D300A86761 /* LaunchScreen.storyboard */; };
		D9F514AC947466AA90D15FB3 /* Pods_Starbucks.framework in Frameworks */ = {isa = PBXBuildFile; fileRef = 0962C08CB6FAFAA462024834 /* Pods_Starbucks.framework */; };
/* End PBXBuildFile section */

/* Begin PBXFileReference section */
		0962C08CB6FAFAA462024834 /* Pods_Starbucks.framework */ = {isa = PBXFileReference; explicitFileType = wrapper.framework; includeInIndex = 0; path = Pods_Starbucks.framework; sourceTree = BUILT_PRODUCTS_DIR; };
		242980AD85F9A3C5169109D8 /* Pods-Starbucks.debug.xcconfig */ = {isa = PBXFileReference; includeInIndex = 1; lastKnownFileType = text.xcconfig; name = "Pods-Starbucks.debug.xcconfig"; path = "Target Support Files/Pods-Starbucks/Pods-Starbucks.debug.xcconfig"; sourceTree = "<group>"; };
		B3E26F3B282958A300EB5F20 /* HomeViewController.swift */ = {isa = PBXFileReference; lastKnownFileType = sourcecode.swift; path = HomeViewController.swift; sourceTree = "<group>"; };
		B3E26F51282A01CA00EB5F20 /* starbucksEventImage.png */ = {isa = PBXFileReference; lastKnownFileType = image.png; path = starbucksEventImage.png; sourceTree = "<group>"; };
		B3E26F54282A26A300EB5F20 /* Event.swift */ = {isa = PBXFileReference; lastKnownFileType = sourcecode.swift; path = Event.swift; sourceTree = "<group>"; };
		B7A73CB1794AEDE897351AAD /* Pods-Starbucks.release.xcconfig */ = {isa = PBXFileReference; includeInIndex = 1; lastKnownFileType = text.xcconfig; name = "Pods-Starbucks.release.xcconfig"; path = "Target Support Files/Pods-Starbucks/Pods-Starbucks.release.xcconfig"; sourceTree = "<group>"; };
		D23AF6D0282B9BBB00F53C5F /* EventDataManager.swift */ = {isa = PBXFileReference; lastKnownFileType = sourcecode.swift; path = EventDataManager.swift; sourceTree = "<group>"; };
		D25DF747282A07C2007862A9 /* EventViewController.swift */ = {isa = PBXFileReference; lastKnownFileType = sourcecode.swift; path = EventViewController.swift; sourceTree = "<group>"; };
		D283BF7A2828B0D200A86761 /* Starbucks.app */ = {isa = PBXFileReference; explicitFileType = wrapper.application; includeInIndex = 0; path = Starbucks.app; sourceTree = BUILT_PRODUCTS_DIR; };
		D283BF7D2828B0D200A86761 /* AppDelegate.swift */ = {isa = PBXFileReference; lastKnownFileType = sourcecode.swift; path = AppDelegate.swift; sourceTree = "<group>"; };
		D283BF7F2828B0D200A86761 /* SceneDelegate.swift */ = {isa = PBXFileReference; lastKnownFileType = sourcecode.swift; path = SceneDelegate.swift; sourceTree = "<group>"; };
		D283BF812828B0D200A86761 /* ContainerViewController.swift */ = {isa = PBXFileReference; lastKnownFileType = sourcecode.swift; path = ContainerViewController.swift; sourceTree = "<group>"; };
		D283BF842828B0D200A86761 /* Base */ = {isa = PBXFileReference; lastKnownFileType = file.storyboard; name = Base; path = Base.lproj/Main.storyboard; sourceTree = "<group>"; };
		D283BF862828B0D300A86761 /* Assets.xcassets */ = {isa = PBXFileReference; lastKnownFileType = folder.assetcatalog; path = Assets.xcassets; sourceTree = "<group>"; };
		D283BF892828B0D300A86761 /* Base */ = {isa = PBXFileReference; lastKnownFileType = file.storyboard; name = Base; path = Base.lproj/LaunchScreen.storyboard; sourceTree = "<group>"; };
		D283BF8B2828B0D300A86761 /* Info.plist */ = {isa = PBXFileReference; lastKnownFileType = text.plist.xml; path = Info.plist; sourceTree = "<group>"; };
/* End PBXFileReference section */

/* Begin PBXFrameworksBuildPhase section */
		D283BF772828B0D200A86761 /* Frameworks */ = {
			isa = PBXFrameworksBuildPhase;
			buildActionMask = 2147483647;
			files = (
				D9F514AC947466AA90D15FB3 /* Pods_Starbucks.framework in Frameworks */,
			);
			runOnlyForDeploymentPostprocessing = 0;
		};
/* End PBXFrameworksBuildPhase section */

/* Begin PBXGroup section */
		4D415B0583024A6212B76700 /* Pods */ = {
			isa = PBXGroup;
			children = (
				242980AD85F9A3C5169109D8 /* Pods-Starbucks.debug.xcconfig */,
				B7A73CB1794AEDE897351AAD /* Pods-Starbucks.release.xcconfig */,
			);
			path = Pods;
			sourceTree = "<group>";
		};
		B3E26F502829FAF200EB5F20 /* ViewController */ = {
			isa = PBXGroup;
			children = (
				D283BF812828B0D200A86761 /* ContainerViewController.swift */,
				B3E26F3B282958A300EB5F20 /* HomeViewController.swift */,
				D25DF747282A07C2007862A9 /* EventViewController.swift */,
			);
			path = ViewController;
			sourceTree = "<group>";
		};
		B3E26F53282A25CB00EB5F20 /* Model */ = {
			isa = PBXGroup;
			children = (
				B3E26F54282A26A300EB5F20 /* Event.swift */,
				D23AF6D0282B9BBB00F53C5F /* EventDataManager.swift */,
			);
			path = Model;
			sourceTree = "<group>";
		};
		D283BF712828B0D200A86761 = {
			isa = PBXGroup;
			children = (
				D283BF7C2828B0D200A86761 /* Starbucks */,
				D283BF7B2828B0D200A86761 /* Products */,
				4D415B0583024A6212B76700 /* Pods */,
				EE8676EEC960EC0C3CA41545 /* Frameworks */,
			);
			sourceTree = "<group>";
		};
		D283BF7B2828B0D200A86761 /* Products */ = {
			isa = PBXGroup;
			children = (
				D283BF7A2828B0D200A86761 /* Starbucks.app */,
			);
			name = Products;
			sourceTree = "<group>";
		};
		D283BF7C2828B0D200A86761 /* Starbucks */ = {
			isa = PBXGroup;
			children = (
				B3E26F53282A25CB00EB5F20 /* Model */,
				B3E26F502829FAF200EB5F20 /* ViewController */,
				D283BF7D2828B0D200A86761 /* AppDelegate.swift */,
				D283BF7F2828B0D200A86761 /* SceneDelegate.swift */,
				D283BF832828B0D200A86761 /* Main.storyboard */,
				D283BF862828B0D300A86761 /* Assets.xcassets */,
				B3E26F51282A01CA00EB5F20 /* starbucksEventImage.png */,
				D283BF882828B0D300A86761 /* LaunchScreen.storyboard */,
				D283BF8B2828B0D300A86761 /* Info.plist */,
			);
			path = Starbucks;
			sourceTree = "<group>";
		};
		EE8676EEC960EC0C3CA41545 /* Frameworks */ = {
			isa = PBXGroup;
			children = (
				0962C08CB6FAFAA462024834 /* Pods_Starbucks.framework */,
			);
			name = Frameworks;
			sourceTree = "<group>";
		};
/* End PBXGroup section */

/* Begin PBXNativeTarget section */
		D283BF792828B0D200A86761 /* Starbucks */ = {
			isa = PBXNativeTarget;
			buildConfigurationList = D283BF8E2828B0D300A86761 /* Build configuration list for PBXNativeTarget "Starbucks" */;
			buildPhases = (
				98EF4B819EACBB1368DD1382 /* [CP] Check Pods Manifest.lock */,
				D283BF762828B0D200A86761 /* Sources */,
				D283BF772828B0D200A86761 /* Frameworks */,
				D283BF782828B0D200A86761 /* Resources */,
				33437D0868BE0C3764DE058C /* [CP] Embed Pods Frameworks */,
				B3E26F3A2829061100EB5F20 /* ShellScript */,
			);
			buildRules = (
			);
			dependencies = (
			);
			name = Starbucks;
			productName = Starbucks;
			productReference = D283BF7A2828B0D200A86761 /* Starbucks.app */;
			productType = "com.apple.product-type.application";
		};
/* End PBXNativeTarget section */

/* Begin PBXProject section */
		D283BF722828B0D200A86761 /* Project object */ = {
			isa = PBXProject;
			attributes = {
				BuildIndependentTargetsInParallel = 1;
				LastSwiftUpdateCheck = 1330;
				LastUpgradeCheck = 1330;
				TargetAttributes = {
					D283BF792828B0D200A86761 = {
						CreatedOnToolsVersion = 13.3.1;
					};
				};
			};
			buildConfigurationList = D283BF752828B0D200A86761 /* Build configuration list for PBXProject "Starbucks" */;
			compatibilityVersion = "Xcode 13.0";
			developmentRegion = en;
			hasScannedForEncodings = 0;
			knownRegions = (
				en,
				Base,
			);
			mainGroup = D283BF712828B0D200A86761;
			productRefGroup = D283BF7B2828B0D200A86761 /* Products */;
			projectDirPath = "";
			projectRoot = "";
			targets = (
				D283BF792828B0D200A86761 /* Starbucks */,
			);
		};
/* End PBXProject section */

/* Begin PBXResourcesBuildPhase section */
		D283BF782828B0D200A86761 /* Resources */ = {
			isa = PBXResourcesBuildPhase;
			buildActionMask = 2147483647;
			files = (
				D283BF8A2828B0D300A86761 /* LaunchScreen.storyboard in Resources */,
				B3E26F52282A01CA00EB5F20 /* starbucksEventImage.png in Resources */,
				D283BF872828B0D300A86761 /* Assets.xcassets in Resources */,
				D283BF852828B0D200A86761 /* Main.storyboard in Resources */,
			);
			runOnlyForDeploymentPostprocessing = 0;
		};
/* End PBXResourcesBuildPhase section */

/* Begin PBXShellScriptBuildPhase section */
		33437D0868BE0C3764DE058C /* [CP] Embed Pods Frameworks */ = {
			isa = PBXShellScriptBuildPhase;
			buildActionMask = 2147483647;
			files = (
			);
			inputFileListPaths = (
				"${PODS_ROOT}/Target Support Files/Pods-Starbucks/Pods-Starbucks-frameworks-${CONFIGURATION}-input-files.xcfilelist",
			);
			name = "[CP] Embed Pods Frameworks";
			outputFileListPaths = (
				"${PODS_ROOT}/Target Support Files/Pods-Starbucks/Pods-Starbucks-frameworks-${CONFIGURATION}-output-files.xcfilelist",
			);
			runOnlyForDeploymentPostprocessing = 0;
			shellPath = /bin/sh;
			shellScript = "\"${PODS_ROOT}/Target Support Files/Pods-Starbucks/Pods-Starbucks-frameworks.sh\"\n";
			showEnvVarsInLog = 0;
		};
		98EF4B819EACBB1368DD1382 /* [CP] Check Pods Manifest.lock */ = {
			isa = PBXShellScriptBuildPhase;
			buildActionMask = 2147483647;
			files = (
			);
			inputFileListPaths = (
			);
			inputPaths = (
				"${PODS_PODFILE_DIR_PATH}/Podfile.lock",
				"${PODS_ROOT}/Manifest.lock",
			);
			name = "[CP] Check Pods Manifest.lock";
			outputFileListPaths = (
			);
			outputPaths = (
				"$(DERIVED_FILE_DIR)/Pods-Starbucks-checkManifestLockResult.txt",
			);
			runOnlyForDeploymentPostprocessing = 0;
			shellPath = /bin/sh;
			shellScript = "diff \"${PODS_PODFILE_DIR_PATH}/Podfile.lock\" \"${PODS_ROOT}/Manifest.lock\" > /dev/null\nif [ $? != 0 ] ; then\n    # print error to STDERR\n    echo \"error: The sandbox is not in sync with the Podfile.lock. Run 'pod install' or update your CocoaPods installation.\" >&2\n    exit 1\nfi\n# This output is used by Xcode 'outputs' to avoid re-running this script phase.\necho \"SUCCESS\" > \"${SCRIPT_OUTPUT_FILE_0}\"\n";
			showEnvVarsInLog = 0;
		};
		B3E26F3A2829061100EB5F20 /* ShellScript */ = {
			isa = PBXShellScriptBuildPhase;
			buildActionMask = 2147483647;
			files = (
			);
			inputFileListPaths = (
			);
			inputPaths = (
			);
			outputFileListPaths = (
			);
			outputPaths = (
			);
			runOnlyForDeploymentPostprocessing = 0;
			shellPath = /bin/sh;
			shellScript = "${PODS_ROOT}/SwiftLint/swiftlint autocorrect\n";
		};
/* End PBXShellScriptBuildPhase section */

/* Begin PBXSourcesBuildPhase section */
		D283BF762828B0D200A86761 /* Sources */ = {
			isa = PBXSourcesBuildPhase;
			buildActionMask = 2147483647;
			files = (
				D25DF748282A07C2007862A9 /* EventViewController.swift in Sources */,
				D283BF822828B0D200A86761 /* ContainerViewController.swift in Sources */,
				D23AF6D1282B9BBB00F53C5F /* EventDataManager.swift in Sources */,
				D283BF7E2828B0D200A86761 /* AppDelegate.swift in Sources */,
				D283BF802828B0D200A86761 /* SceneDelegate.swift in Sources */,
				B3E26F55282A26A300EB5F20 /* Event.swift in Sources */,
				B3E26F3C282958A300EB5F20 /* HomeViewController.swift in Sources */,
			);
			runOnlyForDeploymentPostprocessing = 0;
		};
/* End PBXSourcesBuildPhase section */

/* Begin PBXVariantGroup section */
		D283BF832828B0D200A86761 /* Main.storyboard */ = {
			isa = PBXVariantGroup;
			children = (
				D283BF842828B0D200A86761 /* Base */,
			);
			name = Main.storyboard;
			sourceTree = "<group>";
		};
		D283BF882828B0D300A86761 /* LaunchScreen.storyboard */ = {
			isa = PBXVariantGroup;
			children = (
				D283BF892828B0D300A86761 /* Base */,
			);
			name = LaunchScreen.storyboard;
			sourceTree = "<group>";
		};
/* End PBXVariantGroup section */

/* Begin XCBuildConfiguration section */
		D283BF8C2828B0D300A86761 /* Debug */ = {
			isa = XCBuildConfiguration;
			buildSettings = {
				ALWAYS_SEARCH_USER_PATHS = NO;
				CLANG_ANALYZER_NONNULL = YES;
				CLANG_ANALYZER_NUMBER_OBJECT_CONVERSION = YES_AGGRESSIVE;
				CLANG_CXX_LANGUAGE_STANDARD = "gnu++17";
				CLANG_ENABLE_MODULES = YES;
				CLANG_ENABLE_OBJC_ARC = YES;
				CLANG_ENABLE_OBJC_WEAK = YES;
				CLANG_WARN_BLOCK_CAPTURE_AUTORELEASING = YES;
				CLANG_WARN_BOOL_CONVERSION = YES;
				CLANG_WARN_COMMA = YES;
				CLANG_WARN_CONSTANT_CONVERSION = YES;
				CLANG_WARN_DEPRECATED_OBJC_IMPLEMENTATIONS = YES;
				CLANG_WARN_DIRECT_OBJC_ISA_USAGE = YES_ERROR;
				CLANG_WARN_DOCUMENTATION_COMMENTS = YES;
				CLANG_WARN_EMPTY_BODY = YES;
				CLANG_WARN_ENUM_CONVERSION = YES;
				CLANG_WARN_INFINITE_RECURSION = YES;
				CLANG_WARN_INT_CONVERSION = YES;
				CLANG_WARN_NON_LITERAL_NULL_CONVERSION = YES;
				CLANG_WARN_OBJC_IMPLICIT_RETAIN_SELF = YES;
				CLANG_WARN_OBJC_LITERAL_CONVERSION = YES;
				CLANG_WARN_OBJC_ROOT_CLASS = YES_ERROR;
				CLANG_WARN_QUOTED_INCLUDE_IN_FRAMEWORK_HEADER = YES;
				CLANG_WARN_RANGE_LOOP_ANALYSIS = YES;
				CLANG_WARN_STRICT_PROTOTYPES = YES;
				CLANG_WARN_SUSPICIOUS_MOVE = YES;
				CLANG_WARN_UNGUARDED_AVAILABILITY = YES_AGGRESSIVE;
				CLANG_WARN_UNREACHABLE_CODE = YES;
				CLANG_WARN__DUPLICATE_METHOD_MATCH = YES;
				COPY_PHASE_STRIP = NO;
				DEBUG_INFORMATION_FORMAT = dwarf;
				ENABLE_STRICT_OBJC_MSGSEND = YES;
				ENABLE_TESTABILITY = YES;
				GCC_C_LANGUAGE_STANDARD = gnu11;
				GCC_DYNAMIC_NO_PIC = NO;
				GCC_NO_COMMON_BLOCKS = YES;
				GCC_OPTIMIZATION_LEVEL = 0;
				GCC_PREPROCESSOR_DEFINITIONS = (
					"DEBUG=1",
					"$(inherited)",
				);
				GCC_WARN_64_TO_32_BIT_CONVERSION = YES;
				GCC_WARN_ABOUT_RETURN_TYPE = YES_ERROR;
				GCC_WARN_UNDECLARED_SELECTOR = YES;
				GCC_WARN_UNINITIALIZED_AUTOS = YES_AGGRESSIVE;
				GCC_WARN_UNUSED_FUNCTION = YES;
				GCC_WARN_UNUSED_VARIABLE = YES;
				IPHONEOS_DEPLOYMENT_TARGET = 15.4;
				MTL_ENABLE_DEBUG_INFO = INCLUDE_SOURCE;
				MTL_FAST_MATH = YES;
				ONLY_ACTIVE_ARCH = YES;
				SDKROOT = iphoneos;
				SWIFT_ACTIVE_COMPILATION_CONDITIONS = DEBUG;
				SWIFT_OPTIMIZATION_LEVEL = "-Onone";
			};
			name = Debug;
		};
		D283BF8D2828B0D300A86761 /* Release */ = {
			isa = XCBuildConfiguration;
			buildSettings = {
				ALWAYS_SEARCH_USER_PATHS = NO;
				CLANG_ANALYZER_NONNULL = YES;
				CLANG_ANALYZER_NUMBER_OBJECT_CONVERSION = YES_AGGRESSIVE;
				CLANG_CXX_LANGUAGE_STANDARD = "gnu++17";
				CLANG_ENABLE_MODULES = YES;
				CLANG_ENABLE_OBJC_ARC = YES;
				CLANG_ENABLE_OBJC_WEAK = YES;
				CLANG_WARN_BLOCK_CAPTURE_AUTORELEASING = YES;
				CLANG_WARN_BOOL_CONVERSION = YES;
				CLANG_WARN_COMMA = YES;
				CLANG_WARN_CONSTANT_CONVERSION = YES;
				CLANG_WARN_DEPRECATED_OBJC_IMPLEMENTATIONS = YES;
				CLANG_WARN_DIRECT_OBJC_ISA_USAGE = YES_ERROR;
				CLANG_WARN_DOCUMENTATION_COMMENTS = YES;
				CLANG_WARN_EMPTY_BODY = YES;
				CLANG_WARN_ENUM_CONVERSION = YES;
				CLANG_WARN_INFINITE_RECURSION = YES;
				CLANG_WARN_INT_CONVERSION = YES;
				CLANG_WARN_NON_LITERAL_NULL_CONVERSION = YES;
				CLANG_WARN_OBJC_IMPLICIT_RETAIN_SELF = YES;
				CLANG_WARN_OBJC_LITERAL_CONVERSION = YES;
				CLANG_WARN_OBJC_ROOT_CLASS = YES_ERROR;
				CLANG_WARN_QUOTED_INCLUDE_IN_FRAMEWORK_HEADER = YES;
				CLANG_WARN_RANGE_LOOP_ANALYSIS = YES;
				CLANG_WARN_STRICT_PROTOTYPES = YES;
				CLANG_WARN_SUSPICIOUS_MOVE = YES;
				CLANG_WARN_UNGUARDED_AVAILABILITY = YES_AGGRESSIVE;
				CLANG_WARN_UNREACHABLE_CODE = YES;
				CLANG_WARN__DUPLICATE_METHOD_MATCH = YES;
				COPY_PHASE_STRIP = NO;
				DEBUG_INFORMATION_FORMAT = "dwarf-with-dsym";
				ENABLE_NS_ASSERTIONS = NO;
				ENABLE_STRICT_OBJC_MSGSEND = YES;
				GCC_C_LANGUAGE_STANDARD = gnu11;
				GCC_NO_COMMON_BLOCKS = YES;
				GCC_WARN_64_TO_32_BIT_CONVERSION = YES;
				GCC_WARN_ABOUT_RETURN_TYPE = YES_ERROR;
				GCC_WARN_UNDECLARED_SELECTOR = YES;
				GCC_WARN_UNINITIALIZED_AUTOS = YES_AGGRESSIVE;
				GCC_WARN_UNUSED_FUNCTION = YES;
				GCC_WARN_UNUSED_VARIABLE = YES;
				IPHONEOS_DEPLOYMENT_TARGET = 15.4;
				MTL_ENABLE_DEBUG_INFO = NO;
				MTL_FAST_MATH = YES;
				SDKROOT = iphoneos;
				SWIFT_COMPILATION_MODE = wholemodule;
				SWIFT_OPTIMIZATION_LEVEL = "-O";
				VALIDATE_PRODUCT = YES;
			};
			name = Release;
		};
		D283BF8F2828B0D300A86761 /* Debug */ = {
			isa = XCBuildConfiguration;
			baseConfigurationReference = 242980AD85F9A3C5169109D8 /* Pods-Starbucks.debug.xcconfig */;
			buildSettings = {
				ASSETCATALOG_COMPILER_APPICON_NAME = AppIcon;
				ASSETCATALOG_COMPILER_GLOBAL_ACCENT_COLOR_NAME = AccentColor;
				CODE_SIGN_STYLE = Automatic;
				CURRENT_PROJECT_VERSION = 1;
				DEVELOPMENT_TEAM = B3PWYBKFUK;
				GENERATE_INFOPLIST_FILE = YES;
				INFOPLIST_FILE = Starbucks/Info.plist;
				INFOPLIST_KEY_UIApplicationSupportsIndirectInputEvents = YES;
				INFOPLIST_KEY_UILaunchStoryboardName = LaunchScreen;
				INFOPLIST_KEY_UIMainStoryboardFile = Main;
				INFOPLIST_KEY_UISupportedInterfaceOrientations_iPad = "UIInterfaceOrientationPortrait UIInterfaceOrientationPortraitUpsideDown UIInterfaceOrientationLandscapeLeft UIInterfaceOrientationLandscapeRight";
				INFOPLIST_KEY_UISupportedInterfaceOrientations_iPhone = "UIInterfaceOrientationPortrait UIInterfaceOrientationLandscapeLeft UIInterfaceOrientationLandscapeRight";
				LD_RUNPATH_SEARCH_PATHS = (
					"$(inherited)",
					"@executable_path/Frameworks",
				);
				MARKETING_VERSION = 1.0;
				PRODUCT_BUNDLE_IDENTIFIER = com.checo.Starbucks;
				PRODUCT_NAME = "$(TARGET_NAME)";
				SWIFT_EMIT_LOC_STRINGS = YES;
				SWIFT_VERSION = 5.0;
				TARGETED_DEVICE_FAMILY = "1,2";
			};
			name = Debug;
		};
		D283BF902828B0D300A86761 /* Release */ = {
			isa = XCBuildConfiguration;
			baseConfigurationReference = B7A73CB1794AEDE897351AAD /* Pods-Starbucks.release.xcconfig */;
			buildSettings = {
				ASSETCATALOG_COMPILER_APPICON_NAME = AppIcon;
				ASSETCATALOG_COMPILER_GLOBAL_ACCENT_COLOR_NAME = AccentColor;
				CODE_SIGN_STYLE = Automatic;
				CURRENT_PROJECT_VERSION = 1;
				DEVELOPMENT_TEAM = B3PWYBKFUK;
				GENERATE_INFOPLIST_FILE = YES;
				INFOPLIST_FILE = Starbucks/Info.plist;
				INFOPLIST_KEY_UIApplicationSupportsIndirectInputEvents = YES;
				INFOPLIST_KEY_UILaunchStoryboardName = LaunchScreen;
				INFOPLIST_KEY_UIMainStoryboardFile = Main;
				INFOPLIST_KEY_UISupportedInterfaceOrientations_iPad = "UIInterfaceOrientationPortrait UIInterfaceOrientationPortraitUpsideDown UIInterfaceOrientationLandscapeLeft UIInterfaceOrientationLandscapeRight";
				INFOPLIST_KEY_UISupportedInterfaceOrientations_iPhone = "UIInterfaceOrientationPortrait UIInterfaceOrientationLandscapeLeft UIInterfaceOrientationLandscapeRight";
				LD_RUNPATH_SEARCH_PATHS = (
					"$(inherited)",
					"@executable_path/Frameworks",
				);
				MARKETING_VERSION = 1.0;
				PRODUCT_BUNDLE_IDENTIFIER = com.checo.Starbucks;
				PRODUCT_NAME = "$(TARGET_NAME)";
				SWIFT_EMIT_LOC_STRINGS = YES;
				SWIFT_VERSION = 5.0;
				TARGETED_DEVICE_FAMILY = "1,2";
			};
			name = Release;
		};
/* End XCBuildConfiguration section */

/* Begin XCConfigurationList section */
		D283BF752828B0D200A86761 /* Build configuration list for PBXProject "Starbucks" */ = {
			isa = XCConfigurationList;
			buildConfigurations = (
				D283BF8C2828B0D300A86761 /* Debug */,
				D283BF8D2828B0D300A86761 /* Release */,
			);
			defaultConfigurationIsVisible = 0;
			defaultConfigurationName = Release;
		};
		D283BF8E2828B0D300A86761 /* Build configuration list for PBXNativeTarget "Starbucks" */ = {
			isa = XCConfigurationList;
			buildConfigurations = (
				D283BF8F2828B0D300A86761 /* Debug */,
				D283BF902828B0D300A86761 /* Release */,
			);
			defaultConfigurationIsVisible = 0;
			defaultConfigurationName = Release;
		};
/* End XCConfigurationList section */
	};
	rootObject = D283BF722828B0D200A86761 /* Project object */;
}
